{
  "name": "my-first-plugin",
  "version": "1.0.0",
  "lockfileVersion": 3,
  "requires": true,
  "packages": {
    "": {
      "name": "my-first-plugin",
      "version": "1.0.0",
      "dependencies": {
        "figma-plugin-ds": "^1.0.1"
      },
      "devDependencies": {
        "@figma/plugin-typings": "^1.65.0",
        "typescript": "*"
      }
    },
    "node_modules/@figma/plugin-typings": {
      "version": "1.65.0",
      "resolved": "https://registry.npmjs.org/@figma/plugin-typings/-/plugin-typings-1.65.0.tgz",
      "integrity": "sha512-egLk8ygMKl4e/bs7PdeIFU0fuQuhGAjyX+pyxS/AZ8X1x0QLPaO6r64ekJt+gvmQTFdcaK2CLmF2zqLU+5Hhcg==",
      "dev": true
    },
    "node_modules/figma-plugin-ds": {
      "version": "1.0.1",
      "resolved": "https://registry.npmjs.org/figma-plugin-ds/-/figma-plugin-ds-1.0.1.tgz",
      "integrity": "sha512-j1/mcHeYx8IRzdLbNyqo9PQXqtI3ujN/RfjuXFS7OintJojuXG2GuaL8COzqAH66ZPXx4aFHMkqRjbBaudBCpA=="
    },
    "node_modules/typescript": {
      "version": "5.1.3",
      "resolved": "https://registry.npmjs.org/typescript/-/typescript-5.1.3.tgz",
      "integrity": "sha512-XH627E9vkeqhlZFQuL+UsyAXEnibT0kWR2FWONlr4sTjvxyJYnyefgrkyECLzM5NenmKzRAy2rR/OlYLA1HkZw==",
      "dev": true,
      "bin": {
        "tsc": "bin/tsc",
        "tsserver": "bin/tsserver"
      },
      "engines": {
        "node": ">=14.17"
      }
    }
  }
}
